
Microsoft Visual Studio Solution File, Format Version 12.00
# Visual Studio Version 17
VisualStudioVersion = 17.13.35919.96 d17.13
MinimumVisualStudioVersion = 10.0.40219.1
Project("{8BC9CEB8-8B4A-11D0-8D11-00A0C91BC942}") = "programming_signal_simulation", "programming_signal_simulation.vcxproj", "{BBB18636-C04C-4B13-A9DC-1E48F9FFFD16}"
EndProject
Global
	GlobalSection(SolutionConfigurationPlatforms) = preSolution
		Debug|x64 = Debug|x64
		Debug|x86 = Debug|x86
		Release|x64 = Release|x64
		Release|x86 = Release|x86
	EndGlobalSection
	GlobalSection(ProjectConfigurationPlatforms) = postSolution
		{BBB18636-C04C-4B13-A9DC-1E48F9FFFD16}.Debug|x64.ActiveCfg = Debug|x64
		{BBB18636-C04C-4B13-A9DC-1E48F9FFFD16}.Debug|x64.Build.0 = Debug|x64
		{BBB18636-C04C-4B13-A9DC-1E48F9FFFD16}.Debug|x86.ActiveCfg = Debug|Win32
		{BBB18636-C04C-4B13-A9DC-1E48F9FFFD16}.Debug|x86.Build.0 = Debug|Win32
		{BBB18636-C04C-4B13-A9DC-1E48F9FFFD16}.Release|x64.ActiveCfg = Release|x64
		{BBB18636-C04C-4B13-A9DC-1E48F9FFFD16}.Release|x64.Build.0 = Release|x64
		{BBB18636-C04C-4B13-A9DC-1E48F9FFFD16}.Release|x86.ActiveCfg = Release|Win32
		{BBB18636-C04C-4B13-A9DC-1E48F9FFFD16}.Release|x86.Build.0 = Release|Win32
	EndGlobalSection
	GlobalSection(SolutionProperties) = preSolution
		HideSolutionNode = FALSE
	EndGlobalSection
	GlobalSection(ExtensibilityGlobals) = postSolution
		SolutionGuid = {8B81C715-0CC1-4458-9C9A-2B0256CC7A86}
	EndGlobalSection
EndGlobal
